// !$*UTF8*$!
{
	archiveVersion = 1;
	classes = {
	};
	objectVersion = 46;
	objects = {

/* Begin PBXBuildFile section */
		0A510BBC1D163A93006E6258 /* AppDelegate.swift in Sources */ = {isa = PBXBuildFile; fileRef = 0A510BBB1D163A93006E6258 /* AppDelegate.swift */; };
		0A510BBE1D163A93006E6258 /* GameScene.sks in Resources */ = {isa = PBXBuildFile; fileRef = 0A510BBD1D163A93006E6258 /* GameScene.sks */; };
		0A510BC01D163A93006E6258 /* GameScene.swift in Sources */ = {isa = PBXBuildFile; fileRef = 0A510BBF1D163A93006E6258 /* GameScene.swift */; };
		0A510BC21D163A93006E6258 /* GameViewController.swift in Sources */ = {isa = PBXBuildFile; fileRef = 0A510BC11D163A93006E6258 /* GameViewController.swift */; };
		0A510BC51D163A93006E6258 /* Main.storyboard in Resources */ = {isa = PBXBuildFile; fileRef = 0A510BC31D163A93006E6258 /* Main.storyboard */; };
		0A510BC71D163A93006E6258 /* Assets.xcassets in Resources */ = {isa = PBXBuildFile; fileRef = 0A510BC61D163A93006E6258 /* Assets.xcassets */; };
		0A510BCA1D163A93006E6258 /* LaunchScreen.storyboard in Resources */ = {isa = PBXBuildFile; fileRef = 0A510BC81D163A93006E6258 /* LaunchScreen.storyboard */; };
		0A510BD51D163A94006E6258 /* SpriteKitIntroTests.swift in Sources */ = {isa = PBXBuildFile; fileRef = 0A510BD41D163A94006E6258 /* SpriteKitIntroTests.swift */; };
		0A510BE01D163A94006E6258 /* SpriteKitIntroUITests.swift in Sources */ = {isa = PBXBuildFile; fileRef = 0A510BDF1D163A94006E6258 /* SpriteKitIntroUITests.swift */; };
/* End PBXBuildFile section */

/* Begin PBXContainerItemProxy section */
		0A510BD11D163A94006E6258 /* PBXContainerItemProxy */ = {
			isa = PBXContainerItemProxy;
			containerPortal = 0A510BB01D163A93006E6258 /* Project object */;
			proxyType = 1;
			remoteGlobalIDString = 0A510BB71D163A93006E6258;
			remoteInfo = SpriteKitIntro;
		};
		0A510BDC1D163A94006E6258 /* PBXContainerItemProxy */ = {
			isa = PBXContainerItemProxy;
			containerPortal = 0A510BB01D163A93006E6258 /* Project object */;
			proxyType = 1;
			remoteGlobalIDString = 0A510BB71D163A93006E6258;
			remoteInfo = SpriteKitIntro;
		};
/* End PBXContainerItemProxy section */

/* Begin PBXFileReference section */
		0A510BB81D163A93006E6258 /* SpriteKitIntro.app */ = {isa = PBXFileReference; explicitFileType = wrapper.application; includeInIndex = 0; path = SpriteKitIntro.app; sourceTree = BUILT_PRODUCTS_DIR; };
		0A510BBB1D163A93006E6258 /* AppDelegate.swift */ = {isa = PBXFileReference; lastKnownFileType = sourcecode.swift; path = AppDelegate.swift; sourceTree = "<group>"; };
		0A510BBD1D163A93006E6258 /* GameScene.sks */ = {isa = PBXFileReference; lastKnownFileType = file.sks; path = GameScene.sks; sourceTree = "<group>"; };
		0A510BBF1D163A93006E6258 /* GameScene.swift */ = {isa = PBXFileReference; lastKnownFileType = sourcecode.swift; path = GameScene.swift; sourceTree = "<group>"; };
		0A510BC11D163A93006E6258 /* GameViewController.swift */ = {isa = PBXFileReference; lastKnownFileType = sourcecode.swift; path = GameViewController.swift; sourceTree = "<group>"; };
		0A510BC41D163A93006E6258 /* Base */ = {isa = PBXFileReference; lastKnownFileType = file.storyboard; name = Base; path = Base.lproj/Main.storyboard; sourceTree = "<group>"; };
		0A510BC61D163A93006E6258 /* Assets.xcassets */ = {isa = PBXFileReference; lastKnownFileType = folder.assetcatalog; path = Assets.xcassets; sourceTree = "<group>"; };
		0A510BC91D163A93006E6258 /* Base */ = {isa = PBXFileReference; lastKnownFileType = file.storyboard; name = Base; path = Base.lproj/LaunchScreen.storyboard; sourceTree = "<group>"; };
		0A510BCB1D163A93006E6258 /* Info.plist */ = {isa = PBXFileReference; lastKnownFileType = text.plist.xml; path = Info.plist; sourceTree = "<group>"; };
		0A510BD01D163A94006E6258 /* SpriteKitIntroTests.xctest */ = {isa = PBXFileReference; explicitFileType = wrapper.cfbundle; includeInIndex = 0; path = SpriteKitIntroTests.xctest; sourceTree = BUILT_PRODUCTS_DIR; };
		0A510BD41D163A94006E6258 /* SpriteKitIntroTests.swift */ = {isa = PBXFileReference; lastKnownFileType = sourcecode.swift; path = SpriteKitIntroTests.swift; sourceTree = "<group>"; };
		0A510BD61D163A94006E6258 /* Info.plist */ = {isa = PBXFileReference; lastKnownFileType = text.plist.xml; path = Info.plist; sourceTree = "<group>"; };
		0A510BDB1D163A94006E6258 /* SpriteKitIntroUITests.xctest */ = {isa = PBXFileReference; explicitFileType = wrapper.cfbundle; includeInIndex = 0; path = SpriteKitIntroUITests.xctest; sourceTree = BUILT_PRODUCTS_DIR; };
		0A510BDF1D163A94006E6258 /* SpriteKitIntroUITests.swift */ = {isa = PBXFileReference; lastKnownFileType = sourcecode.swift; path = SpriteKitIntroUITests.swift; sourceTree = "<group>"; };
		0A510BE11D163A94006E6258 /* Info.plist */ = {isa = PBXFileReference; lastKnownFileType = text.plist.xml; path = Info.plist; sourceTree = "<group>"; };
/* End PBXFileReference section */

/* Begin PBXFrameworksBuildPhase section */
		0A510BB51D163A93006E6258 /* Frameworks */ = {
			isa = PBXFrameworksBuildPhase;
			buildActionMask = 2147483647;
			files = (
			);
			runOnlyForDeploymentPostprocessing = 0;
		};
		0A510BCD1D163A94006E6258 /* Frameworks */ = {
			isa = PBXFrameworksBuildPhase;
			buildActionMask = 2147483647;
			files = (
			);
			runOnlyForDeploymentPostprocessing = 0;
		};
		0A510BD81D163A94006E6258 /* Frameworks */ = {
			isa = PBXFrameworksBuildPhase;
			buildActionMask = 2147483647;
			files = (
			);
			runOnlyForDeploymentPostprocessing = 0;
		};
/* End PBXFrameworksBuildPhase section */

/* Begin PBXGroup section */
		0A510BAF1D163A93006E6258 = {
			isa = PBXGroup;
			children = (
				0A510BBA1D163A93006E6258 /* SpriteKitIntro */,
				0A510BD31D163A94006E6258 /* SpriteKitIntroTests */,
				0A510BDE1D163A94006E6258 /* SpriteKitIntroUITests */,
				0A510BB91D163A93006E6258 /* Products */,
			);
			sourceTree = "<group>";
		};
		0A510BB91D163A93006E6258 /* Products */ = {
			isa = PBXGroup;
			children = (
				0A510BB81D163A93006E6258 /* SpriteKitIntro.app */,
				0A510BD01D163A94006E6258 /* SpriteKitIntroTests.xctest */,
				0A510BDB1D163A94006E6258 /* SpriteKitIntroUITests.xctest */,
			);
			name = Products;
			sourceTree = "<group>";
		};
		0A510BBA1D163A93006E6258 /* SpriteKitIntro */ = {
			isa = PBXGroup;
			children = (
				0A510BBB1D163A93006E6258 /* AppDelegate.swift */,
				0A510BBD1D163A93006E6258 /* GameScene.sks */,
				0A510BBF1D163A93006E6258 /* GameScene.swift */,
				0A510BC11D163A93006E6258 /* GameViewController.swift */,
				0A510BC31D163A93006E6258 /* Main.storyboard */,
				0A510BC61D163A93006E6258 /* Assets.xcassets */,
				0A510BC81D163A93006E6258 /* LaunchScreen.storyboard */,
				0A510BCB1D163A93006E6258 /* Info.plist */,
			);
			path = SpriteKitIntro;
			sourceTree = "<group>";
		};
		0A510BD31D163A94006E6258 /* SpriteKitIntroTests */ = {
			isa = PBXGroup;
			children = (
				0A510BD41D163A94006E6258 /* SpriteKitIntroTests.swift */,
				0A510BD61D163A94006E6258 /* Info.plist */,
			);
			path = SpriteKitIntroTests;
			sourceTree = "<group>";
		};
		0A510BDE1D163A94006E6258 /* SpriteKitIntroUITests */ = {
			isa = PBXGroup;
			children = (
				0A510BDF1D163A94006E6258 /* SpriteKitIntroUITests.swift */,
				0A510BE11D163A94006E6258 /* Info.plist */,
			);
			path = SpriteKitIntroUITests;
			sourceTree = "<group>";
		};
/* End PBXGroup section */

/* Begin PBXNativeTarget section */
		0A510BB71D163A93006E6258 /* SpriteKitIntro */ = {
			isa = PBXNativeTarget;
			buildConfigurationList = 0A510BE41D163A94006E6258 /* Build configuration list for PBXNativeTarget "SpriteKitIntro" */;
			buildPhases = (
				0A510BB41D163A93006E6258 /* Sources */,
				0A510BB51D163A93006E6258 /* Frameworks */,
				0A510BB61D163A93006E6258 /* Resources */,
			);
			buildRules = (
			);
			dependencies = (
			);
			name = SpriteKitIntro;
			productName = SpriteKitIntro;
			productReference = 0A510BB81D163A93006E6258 /* SpriteKitIntro.app */;
			productType = "com.apple.product-type.application";
		};
		0A510BCF1D163A94006E6258 /* SpriteKitIntroTests */ = {
			isa = PBXNativeTarget;
			buildConfigurationList = 0A510BE71D163A94006E6258 /* Build configuration list for PBXNativeTarget "SpriteKitIntroTests" */;
			buildPhases = (
				0A510BCC1D163A94006E6258 /* Sources */,
				0A510BCD1D163A94006E6258 /* Frameworks */,
				0A510BCE1D163A94006E6258 /* Resources */,
			);
			buildRules = (
			);
			dependencies = (
				0A510BD21D163A94006E6258 /* PBXTargetDependency */,
			);
			name = SpriteKitIntroTests;
			productName = SpriteKitIntroTests;
			productReference = 0A510BD01D163A94006E6258 /* SpriteKitIntroTests.xctest */;
			productType = "com.apple.product-type.bundle.unit-test";
		};
		0A510BDA1D163A94006E6258 /* SpriteKitIntroUITests */ = {
			isa = PBXNativeTarget;
			buildConfigurationList = 0A510BEA1D163A94006E6258 /* Build configuration list for PBXNativeTarget "SpriteKitIntroUITests" */;
			buildPhases = (
				0A510BD71D163A94006E6258 /* Sources */,
				0A510BD81D163A94006E6258 /* Frameworks */,
				0A510BD91D163A94006E6258 /* Resources */,
			);
			buildRules = (
			);
			dependencies = (
				0A510BDD1D163A94006E6258 /* PBXTargetDependency */,
			);
			name = SpriteKitIntroUITests;
			productName = SpriteKitIntroUITests;
			productReference = 0A510BDB1D163A94006E6258 /* SpriteKitIntroUITests.xctest */;
			productType = "com.apple.product-type.bundle.ui-testing";
		};
/* End PBXNativeTarget section */

/* Begin PBXProject section */
		0A510BB01D163A93006E6258 /* Project object */ = {
			isa = PBXProject;
			attributes = {
				LastSwiftUpdateCheck = 0730;
				LastUpgradeCheck = 0730;
				ORGANIZATIONNAME = "Kevin Li";
				TargetAttributes = {
					0A510BB71D163A93006E6258 = {
						CreatedOnToolsVersion = 7.3.1;
					};
					0A510BCF1D163A94006E6258 = {
						CreatedOnToolsVersion = 7.3.1;
						TestTargetID = 0A510BB71D163A93006E6258;
					};
					0A510BDA1D163A94006E6258 = {
						CreatedOnToolsVersion = 7.3.1;
						TestTargetID = 0A510BB71D163A93006E6258;
					};
				};
			};
			buildConfigurationList = 0A510BB31D163A93006E6258 /* Build configuration list for PBXProject "SpriteKitIntro" */;
			compatibilityVersion = "Xcode 3.2";
			developmentRegion = English;
			hasScannedForEncodings = 0;
			knownRegions = (
				en,
				Base,
			);
			mainGroup = 0A510BAF1D163A93006E6258;
			productRefGroup = 0A510BB91D163A93006E6258 /* Products */;
			projectDirPath = "";
			projectRoot = "";
			targets = (
				0A510BB71D163A93006E6258 /* SpriteKitIntro */,
				0A510BCF1D163A94006E6258 /* SpriteKitIntroTests */,
				0A510BDA1D163A94006E6258 /* SpriteKitIntroUITests */,
			);
		};
/* End PBXProject section */

/* Begin PBXResourcesBuildPhase section */
		0A510BB61D163A93006E6258 /* Resources */ = {
			isa = PBXResourcesBuildPhase;
			buildActionMask = 2147483647;
			files = (
				0A510BBE1D163A93006E6258 /* GameScene.sks in Resources */,
				0A510BCA1D163A93006E6258 /* LaunchScreen.storyboard in Resources */,
				0A510BC71D163A93006E6258 /* Assets.xcassets in Resources */,
				0A510BC51D163A93006E6258 /* Main.storyboard in Resources */,
			);
			runOnlyForDeploymentPostprocessing = 0;
		};
		0A510BCE1D163A94006E6258 /* Resources */ = {
			isa = PBXResourcesBuildPhase;
			buildActionMask = 2147483647;
			files = (
			);
			runOnlyForDeploymentPostprocessing = 0;
		};
		0A510BD91D163A94006E6258 /* Resources */ = {
			isa = PBXResourcesBuildPhase;
			buildActionMask = 2147483647;
			files = (
			);
			runOnlyForDeploymentPostprocessing = 0;
		};
/* End PBXResourcesBuildPhase section */

/* Begin PBXSourcesBuildPhase section */
		0A510BB41D163A93006E6258 /* Sources */ = {
			isa = PBXSourcesBuildPhase;
			buildActionMask = 2147483647;
			files = (
				0A510BC01D163A93006E6258 /* GameScene.swift in Sources */,
				0A510BC21D163A93006E6258 /* GameViewController.swift in Sources */,
				0A510BBC1D163A93006E6258 /* AppDelegate.swift in Sources */,
			);
			runOnlyForDeploymentPostprocessing = 0;
		};
		0A510BCC1D163A94006E6258 /* Sources */ = {
			isa = PBXSourcesBuildPhase;
			buildActionMask = 2147483647;
			files = (
				0A510BD51D163A94006E6258 /* SpriteKitIntroTests.swift in Sources */,
			);
			runOnlyForDeploymentPostprocessing = 0;
		};
		0A510BD71D163A94006E6258 /* Sources */ = {
			isa = PBXSourcesBuildPhase;
			buildActionMask = 2147483647;
			files = (
				0A510BE01D163A94006E6258 /* SpriteKitIntroUITests.swift in Sources */,
			);
			runOnlyForDeploymentPostprocessing = 0;
		};
/* End PBXSourcesBuildPhase section */

/* Begin PBXTargetDependency section */
		0A510BD21D163A94006E6258 /* PBXTargetDependency */ = {
			isa = PBXTargetDependency;
			target = 0A510BB71D163A93006E6258 /* SpriteKitIntro */;
			targetProxy = 0A510BD11D163A94006E6258 /* PBXContainerItemProxy */;
		};
		0A510BDD1D163A94006E6258 /* PBXTargetDependency */ = {
			isa = PBXTargetDependency;
			target = 0A510BB71D163A93006E6258 /* SpriteKitIntro */;
			targetProxy = 0A510BDC1D163A94006E6258 /* PBXContainerItemProxy */;
		};
/* End PBXTargetDependency section */

/* Begin PBXVariantGroup section */
		0A510BC31D163A93006E6258 /* Main.storyboard */ = {
			isa = PBXVariantGroup;
			children = (
				0A510BC41D163A93006E6258 /* Base */,
			);
			name = Main.storyboard;
			sourceTree = "<group>";
		};
		0A510BC81D163A93006E6258 /* LaunchScreen.storyboard */ = {
			isa = PBXVariantGroup;
			children = (
				0A510BC91D163A93006E6258 /* Base */,
			);
			name = LaunchScreen.storyboard;
			sourceTree = "<group>";
		};
/* End PBXVariantGroup section */

/* Begin XCBuildConfiguration section */
		0A510BE21D163A94006E6258 /* Debug */ = {
			isa = XCBuildConfiguration;
			buildSettings = {
				ALWAYS_SEARCH_USER_PATHS = NO;
				CLANG_ANALYZER_NONNULL = YES;
				CLANG_CXX_LANGUAGE_STANDARD = "gnu++0x";
				CLANG_CXX_LIBRARY = "libc++";
				CLANG_ENABLE_MODULES = YES;
				CLANG_ENABLE_OBJC_ARC = YES;
				CLANG_WARN_BOOL_CONVERSION = YES;
				CLANG_WARN_CONSTANT_CONVERSION = YES;
				CLANG_WARN_DIRECT_OBJC_ISA_USAGE = YES_ERROR;
				CLANG_WARN_EMPTY_BODY = YES;
				CLANG_WARN_ENUM_CONVERSION = YES;
				CLANG_WARN_INT_CONVERSION = YES;
				CLANG_WARN_OBJC_ROOT_CLASS = YES_ERROR;
				CLANG_WARN_UNREACHABLE_CODE = YES;
				CLANG_WARN__DUPLICATE_METHOD_MATCH = YES;
				"CODE_SIGN_IDENTITY[sdk=iphoneos*]" = "iPhone Developer";
				COPY_PHASE_STRIP = NO;
				DEBUG_INFORMATION_FORMAT = "dwarf-with-dsym";
				ENABLE_STRICT_OBJC_MSGSEND = YES;
				ENABLE_TESTABILITY = YES;
				GCC_C_LANGUAGE_STANDARD = gnu99;
				GCC_DYNAMIC_NO_PIC = NO;
				GCC_NO_COMMON_BLOCKS = YES;
				GCC_OPTIMIZATION_LEVEL = 0;
				GCC_PREPROCESSOR_DEFINITIONS = (
					"DEBUG=1",
					"$(inherited)",
				);
				GCC_WARN_64_TO_32_BIT_CONVERSION = YES;
				GCC_WARN_ABOUT_RETURN_TYPE = YES_ERROR;
				GCC_WARN_UNDECLARED_SELECTOR = YES;
				GCC_WARN_UNINITIALIZED_AUTOS = YES_AGGRESSIVE;
				GCC_WARN_UNUSED_FUNCTION = YES;
				GCC_WARN_UNUSED_VARIABLE = YES;
				IPHONEOS_DEPLOYMENT_TARGET = 9.3;
				MTL_ENABLE_DEBUG_INFO = YES;
				ONLY_ACTIVE_ARCH = YES;
				SDKROOT = iphoneos;
				SWIFT_OPTIMIZATION_LEVEL = "-Onone";
				TARGETED_DEVICE_FAMILY = "1,2";
			};
			name = Debug;
		};
		0A510BE31D163A94006E6258 /* Release */ = {
			isa = XCBuildConfiguration;
			buildSettings = {
				ALWAYS_SEARCH_USER_PATHS = NO;
				CLANG_ANALYZER_NONNULL = YES;
				CLANG_CXX_LANGUAGE_STANDARD = "gnu++0x";
				CLANG_CXX_LIBRARY = "libc++";
				CLANG_ENABLE_MODULES = YES;
				CLANG_ENABLE_OBJC_ARC = YES;
				CLANG_WARN_BOOL_CONVERSION = YES;
				CLANG_WARN_CONSTANT_CONVERSION = YES;
				CLANG_WARN_DIRECT_OBJC_ISA_USAGE = YES_ERROR;
				CLANG_WARN_EMPTY_BODY = YES;
				CLANG_WARN_ENUM_CONVERSION = YES;
				CLANG_WARN_INT_CONVERSION = YES;
				CLANG_WARN_OBJC_ROOT_CLASS = YES_ERROR;
				CLANG_WARN_UNREACHABLE_CODE = YES;
				CLANG_WARN__DUPLICATE_METHOD_MATCH = YES;
				"CODE_SIGN_IDENTITY[sdk=iphoneos*]" = "iPhone Developer";
				COPY_PHASE_STRIP = NO;
				DEBUG_INFORMATION_FORMAT = "dwarf-with-dsym";
				ENABLE_NS_ASSERTIONS = NO;
				ENABLE_STRICT_OBJC_MSGSEND = YES;
				GCC_C_LANGUAGE_STANDARD = gnu99;
				GCC_NO_COMMON_BLOCKS = YES;
				GCC_WARN_64_TO_32_BIT_CONVERSION = YES;
				GCC_WARN_ABOUT_RETURN_TYPE = YES_ERROR;
				GCC_WARN_UNDECLARED_SELECTOR = YES;
				GCC_WARN_UNINITIALIZED_AUTOS = YES_AGGRESSIVE;
				GCC_WARN_UNUSED_FUNCTION = YES;
				GCC_WARN_UNUSED_VARIABLE = YES;
				IPHONEOS_DEPLOYMENT_TARGET = 9.3;
				MTL_ENABLE_DEBUG_INFO = NO;
				SDKROOT = iphoneos;
				TARGETED_DEVICE_FAMILY = "1,2";
				VALIDATE_PRODUCT = YES;
			};
			name = Release;
		};
		0A510BE51D163A94006E6258 /* Debug */ = {
			isa = XCBuildConfiguration;
			buildSettings = {
				ASSETCATALOG_COMPILER_APPICON_NAME = AppIcon;
				INFOPLIST_FILE = SpriteKitIntro/Info.plist;
				LD_RUNPATH_SEARCH_PATHS = "$(inherited) @executable_path/Frameworks";
				PRODUCT_BUNDLE_IDENTIFIER = kevinli.SpriteKitIntro;
				PRODUCT_NAME = "$(TARGET_NAME)";
			};
			name = Debug;
		};
		0A510BE61D163A94006E6258 /* Release */ = {
			isa = XCBuildConfiguration;
			buildSettings = {
				ASSETCATALOG_COMPILER_APPICON_NAME = AppIcon;
				INFOPLIST_FILE = SpriteKitIntro/Info.plist;
				LD_RUNPATH_SEARCH_PATHS = "$(inherited) @executable_path/Frameworks";
				PRODUCT_BUNDLE_IDENTIFIER = kevinli.SpriteKitIntro;
				PRODUCT_NAME = "$(TARGET_NAME)";
			};
			name = Release;
		};
		0A510BE81D163A94006E6258 /* Debug */ = {
			isa = XCBuildConfiguration;
			buildSettings = {
				BUNDLE_LOADER = "$(TEST_HOST)";
				DEBUG_INFORMATION_FORMAT = dwarf;
				INFOPLIST_FILE = SpriteKitIntroTests/Info.plist;
				LD_RUNPATH_SEARCH_PATHS = "$(inherited) @executable_path/Frameworks @loader_path/Frameworks";
				PRODUCT_BUNDLE_IDENTIFIER = kevinli.SpriteKitIntroTests;
				PRODUCT_NAME = "$(TARGET_NAME)";
				TEST_HOST = "$(BUILT_PRODUCTS_DIR)/SpriteKitIntro.app/SpriteKitIntro";
			};
			name = Debug;
		};
		0A510BE91D163A94006E6258 /* Release */ = {
			isa = XCBuildConfiguration;
			buildSettings = {
				BUNDLE_LOADER = "$(TEST_HOST)";
				INFOPLIST_FILE = SpriteKitIntroTests/Info.plist;
				LD_RUNPATH_SEARCH_PATHS = "$(inherited) @executable_path/Frameworks @loader_path/Frameworks";
				PRODUCT_BUNDLE_IDENTIFIER = kevinli.SpriteKitIntroTests;
				PRODUCT_NAME = "$(TARGET_NAME)";
				TEST_HOST = "$(BUILT_PRODUCTS_DIR)/SpriteKitIntro.app/SpriteKitIntro";
			};
			name = Release;
		};
		0A510BEB1D163A94006E6258 /* Debug */ = {
			isa = XCBuildConfiguration;
			buildSettings = {
				DEBUG_INFORMATION_FORMAT = dwarf;
				INFOPLIST_FILE = SpriteKitIntroUITests/Info.plist;
				LD_RUNPATH_SEARCH_PATHS = "$(inherited) @executable_path/Frameworks @loader_path/Frameworks";
				PRODUCT_BUNDLE_IDENTIFIER = kevinli.SpriteKitIntroUITests;
				PRODUCT_NAME = "$(TARGET_NAME)";
				TEST_TARGET_NAME = SpriteKitIntro;
			};
			name = Debug;
		};
		0A510BEC1D163A94006E6258 /* Release */ = {
			isa = XCBuildConfiguration;
			buildSettings = {
				INFOPLIST_FILE = SpriteKitIntroUITests/Info.plist;
				LD_RUNPATH_SEARCH_PATHS = "$(inherited) @executable_path/Frameworks @loader_path/Frameworks";
				PRODUCT_BUNDLE_IDENTIFIER = kevinli.SpriteKitIntroUITests;
				PRODUCT_NAME = "$(TARGET_NAME)";
				TEST_TARGET_NAME = SpriteKitIntro;
			};
			name = Release;
		};
/* End XCBuildConfiguration section */

/* Begin XCConfigurationList section */
		0A510BB31D163A93006E6258 /* Build configuration list for PBXProject "SpriteKitIntro" */ = {
			isa = XCConfigurationList;
			buildConfigurations = (
				0A510BE21D163A94006E6258 /* Debug */,
				0A510BE31D163A94006E6258 /* Release */,
			);
			defaultConfigurationIsVisible = 0;
			defaultConfigurationName = Release;
		};
		0A510BE41D163A94006E6258 /* Build configuration list for PBXNativeTarget "SpriteKitIntro" */ = {
			isa = XCConfigurationList;
			buildConfigurations = (
				0A510BE51D163A94006E6258 /* Debug */,
				0A510BE61D163A94006E6258 /* Release */,
			);
			defaultConfigurationIsVisible = 0;
		};
		0A510BE71D163A94006E6258 /* Build configuration list for PBXNativeTarget "SpriteKitIntroTests" */ = {
			isa = XCConfigurationList;
			buildConfigurations = (
				0A510BE81D163A94006E6258 /* Debug */,
				0A510BE91D163A94006E6258 /* Release */,
			);
			defaultConfigurationIsVisible = 0;
		};
		0A510BEA1D163A94006E6258 /* Build configuration list for PBXNativeTarget "SpriteKitIntroUITests" */ = {
			isa = XCConfigurationList;
			buildConfigurations = (
				0A510BEB1D163A94006E6258 /* Debug */,
				0A510BEC1D163A94006E6258 /* Release */,
			);
			defaultConfigurationIsVisible = 0;
		};
/* End XCConfigurationList section */
	};
	rootObject = 0A510BB01D163A93006E6258 /* Project object */;
}
